// !$*UTF8*$!
{
	archiveVersion = 1;
	classes = {
	};
	objectVersion = 50;
	objects = {

/* Begin PBXBuildFile section */
		96F9868126ED8134A8DFBCA1 /* Pods_TripleByteApp.framework in Frameworks */ = {isa = PBXBuildFile; fileRef = A3922F6482ADFE01644F3F1D /* Pods_TripleByteApp.framework */; };
		DB2464022122A512003E031B /* AppDelegate.swift in Sources */ = {isa = PBXBuildFile; fileRef = DB2464012122A512003E031B /* AppDelegate.swift */; };
		DB2464042122A512003E031B /* MainVC.swift in Sources */ = {isa = PBXBuildFile; fileRef = DB2464032122A512003E031B /* MainVC.swift */; };
		DB2464072122A512003E031B /* Main.storyboard in Resources */ = {isa = PBXBuildFile; fileRef = DB2464052122A512003E031B /* Main.storyboard */; };
		DB2464092122A516003E031B /* Assets.xcassets in Resources */ = {isa = PBXBuildFile; fileRef = DB2464082122A516003E031B /* Assets.xcassets */; };
		DB24640C2122A516003E031B /* LaunchScreen.storyboard in Resources */ = {isa = PBXBuildFile; fileRef = DB24640A2122A516003E031B /* LaunchScreen.storyboard */; };
		DB2464172122A6B3003E031B /* Constants.swift in Sources */ = {isa = PBXBuildFile; fileRef = DB2464162122A6B3003E031B /* Constants.swift */; };
		DB2464192122A842003E031B /* DataPetModel.swift in Sources */ = {isa = PBXBuildFile; fileRef = DB2464182122A842003E031B /* DataPetModel.swift */; };
		DB24641B2122AA5C003E031B /* PetCell.swift in Sources */ = {isa = PBXBuildFile; fileRef = DB24641A2122AA5C003E031B /* PetCell.swift */; };
/* End PBXBuildFile section */

/* Begin PBXFileReference section */
		1BAA7571E2F966382A1A67BC /* Pods-TripleByteApp.release.xcconfig */ = {isa = PBXFileReference; includeInIndex = 1; lastKnownFileType = text.xcconfig; name = "Pods-TripleByteApp.release.xcconfig"; path = "Pods/Target Support Files/Pods-TripleByteApp/Pods-TripleByteApp.release.xcconfig"; sourceTree = "<group>"; };
		7445EA9089CCEA1D318FAEB6 /* Pods-TripleByteApp.debug.xcconfig */ = {isa = PBXFileReference; includeInIndex = 1; lastKnownFileType = text.xcconfig; name = "Pods-TripleByteApp.debug.xcconfig"; path = "Pods/Target Support Files/Pods-TripleByteApp/Pods-TripleByteApp.debug.xcconfig"; sourceTree = "<group>"; };
		A3922F6482ADFE01644F3F1D /* Pods_TripleByteApp.framework */ = {isa = PBXFileReference; explicitFileType = wrapper.framework; includeInIndex = 0; path = Pods_TripleByteApp.framework; sourceTree = BUILT_PRODUCTS_DIR; };
		DB2463FE2122A512003E031B /* TripleByteApp.app */ = {isa = PBXFileReference; explicitFileType = wrapper.application; includeInIndex = 0; path = TripleByteApp.app; sourceTree = BUILT_PRODUCTS_DIR; };
		DB2464012122A512003E031B /* AppDelegate.swift */ = {isa = PBXFileReference; lastKnownFileType = sourcecode.swift; path = AppDelegate.swift; sourceTree = "<group>"; };
		DB2464032122A512003E031B /* MainVC.swift */ = {isa = PBXFileReference; lastKnownFileType = sourcecode.swift; path = MainVC.swift; sourceTree = "<group>"; };
		DB2464062122A512003E031B /* Base */ = {isa = PBXFileReference; lastKnownFileType = file.storyboard; name = Base; path = Base.lproj/Main.storyboard; sourceTree = "<group>"; };
		DB2464082122A516003E031B /* Assets.xcassets */ = {isa = PBXFileReference; lastKnownFileType = folder.assetcatalog; path = Assets.xcassets; sourceTree = "<group>"; };
		DB24640B2122A516003E031B /* Base */ = {isa = PBXFileReference; lastKnownFileType = file.storyboard; name = Base; path = Base.lproj/LaunchScreen.storyboard; sourceTree = "<group>"; };
		DB24640D2122A516003E031B /* Info.plist */ = {isa = PBXFileReference; lastKnownFileType = text.plist.xml; path = Info.plist; sourceTree = "<group>"; };
		DB2464162122A6B3003E031B /* Constants.swift */ = {isa = PBXFileReference; lastKnownFileType = sourcecode.swift; path = Constants.swift; sourceTree = "<group>"; };
		DB2464182122A842003E031B /* DataPetModel.swift */ = {isa = PBXFileReference; lastKnownFileType = sourcecode.swift; path = DataPetModel.swift; sourceTree = "<group>"; };
		DB24641A2122AA5C003E031B /* PetCell.swift */ = {isa = PBXFileReference; lastKnownFileType = sourcecode.swift; path = PetCell.swift; sourceTree = "<group>"; };
/* End PBXFileReference section */

/* Begin PBXFrameworksBuildPhase section */
		DB2463FB2122A512003E031B /* Frameworks */ = {
			isa = PBXFrameworksBuildPhase;
			buildActionMask = 2147483647;
			files = (
				96F9868126ED8134A8DFBCA1 /* Pods_TripleByteApp.framework in Frameworks */,
			);
			runOnlyForDeploymentPostprocessing = 0;
		};
/* End PBXFrameworksBuildPhase section */

/* Begin PBXGroup section */
		88FAD41D30DBBD46D8E96895 /* Frameworks */ = {
			isa = PBXGroup;
			children = (
				A3922F6482ADFE01644F3F1D /* Pods_TripleByteApp.framework */,
			);
			name = Frameworks;
			sourceTree = "<group>";
		};
		B679492FBEA4FF2940F39A9A /* Pods */ = {
			isa = PBXGroup;
			children = (
				7445EA9089CCEA1D318FAEB6 /* Pods-TripleByteApp.debug.xcconfig */,
				1BAA7571E2F966382A1A67BC /* Pods-TripleByteApp.release.xcconfig */,
			);
			name = Pods;
			sourceTree = "<group>";
		};
		DB2463F52122A512003E031B = {
			isa = PBXGroup;
			children = (
				DB2464002122A512003E031B /* TripleByteApp */,
				DB2463FF2122A512003E031B /* Products */,
				B679492FBEA4FF2940F39A9A /* Pods */,
				88FAD41D30DBBD46D8E96895 /* Frameworks */,
			);
			sourceTree = "<group>";
		};
		DB2463FF2122A512003E031B /* Products */ = {
			isa = PBXGroup;
			children = (
				DB2463FE2122A512003E031B /* TripleByteApp.app */,
			);
			name = Products;
			sourceTree = "<group>";
		};
		DB2464002122A512003E031B /* TripleByteApp */ = {
			isa = PBXGroup;
			children = (
				DB2464152122A68D003E031B /* View */,
				DB2464142122A688003E031B /* Controller */,
				DB2464132122A681003E031B /* Model */,
				DB2464012122A512003E031B /* AppDelegate.swift */,
				DB2464052122A512003E031B /* Main.storyboard */,
				DB2464082122A516003E031B /* Assets.xcassets */,
				DB24640A2122A516003E031B /* LaunchScreen.storyboard */,
				DB24640D2122A516003E031B /* Info.plist */,
			);
			path = TripleByteApp;
			sourceTree = "<group>";
		};
		DB2464132122A681003E031B /* Model */ = {
			isa = PBXGroup;
			children = (
				DB2464162122A6B3003E031B /* Constants.swift */,
				DB2464182122A842003E031B /* DataPetModel.swift */,
			);
			path = Model;
			sourceTree = "<group>";
		};
		DB2464142122A688003E031B /* Controller */ = {
			isa = PBXGroup;
			children = (
				DB2464032122A512003E031B /* MainVC.swift */,
			);
			path = Controller;
			sourceTree = "<group>";
		};
		DB2464152122A68D003E031B /* View */ = {
			isa = PBXGroup;
			children = (
				DB24641A2122AA5C003E031B /* PetCell.swift */,
			);
			path = View;
			sourceTree = "<group>";
		};
/* End PBXGroup section */

/* Begin PBXNativeTarget section */
		DB2463FD2122A512003E031B /* TripleByteApp */ = {
			isa = PBXNativeTarget;
			buildConfigurationList = DB2464102122A516003E031B /* Build configuration list for PBXNativeTarget "TripleByteApp" */;
			buildPhases = (
				74EF20B45EE13BCA28CF5735 /* [CP] Check Pods Manifest.lock */,
				DB2463FA2122A512003E031B /* Sources */,
				DB2463FB2122A512003E031B /* Frameworks */,
				DB2463FC2122A512003E031B /* Resources */,
				6D104D5B428DC7AF5CD16945 /* [CP] Embed Pods Frameworks */,
			);
			buildRules = (
			);
			dependencies = (
			);
			name = TripleByteApp;
			productName = TripleByteApp;
			productReference = DB2463FE2122A512003E031B /* TripleByteApp.app */;
			productType = "com.apple.product-type.application";
		};
/* End PBXNativeTarget section */

/* Begin PBXProject section */
		DB2463F62122A512003E031B /* Project object */ = {
			isa = PBXProject;
			attributes = {
				LastSwiftUpdateCheck = 0940;
				LastUpgradeCheck = 0940;
				ORGANIZATIONNAME = "Pragun Sharma";
				TargetAttributes = {
					DB2463FD2122A512003E031B = {
						CreatedOnToolsVersion = 9.4.1;
					};
				};
			};
			buildConfigurationList = DB2463F92122A512003E031B /* Build configuration list for PBXProject "TripleByteApp" */;
			compatibilityVersion = "Xcode 9.3";
			developmentRegion = en;
			hasScannedForEncodings = 0;
			knownRegions = (
				en,
				Base,
			);
			mainGroup = DB2463F52122A512003E031B;
			productRefGroup = DB2463FF2122A512003E031B /* Products */;
			projectDirPath = "";
			projectRoot = "";
			targets = (
				DB2463FD2122A512003E031B /* TripleByteApp */,
			);
		};
/* End PBXProject section */

/* Begin PBXResourcesBuildPhase section */
		DB2463FC2122A512003E031B /* Resources */ = {
			isa = PBXResourcesBuildPhase;
			buildActionMask = 2147483647;
			files = (
				DB24640C2122A516003E031B /* LaunchScreen.storyboard in Resources */,
				DB2464092122A516003E031B /* Assets.xcassets in Resources */,
				DB2464072122A512003E031B /* Main.storyboard in Resources */,
			);
			runOnlyForDeploymentPostprocessing = 0;
		};
/* End PBXResourcesBuildPhase section */

/* Begin PBXShellScriptBuildPhase section */
		6D104D5B428DC7AF5CD16945 /* [CP] Embed Pods Frameworks */ = {
			isa = PBXShellScriptBuildPhase;
			buildActionMask = 2147483647;
			files = (
			);
			inputPaths = (
				"${SRCROOT}/Pods/Target Support Files/Pods-TripleByteApp/Pods-TripleByteApp-frameworks.sh",
				"${BUILT_PRODUCTS_DIR}/Alamofire/Alamofire.framework",
			);
			name = "[CP] Embed Pods Frameworks";
			outputPaths = (
				"${TARGET_BUILD_DIR}/${FRAMEWORKS_FOLDER_PATH}/Alamofire.framework",
			);
			runOnlyForDeploymentPostprocessing = 0;
			shellPath = /bin/sh;
			shellScript = "\"${SRCROOT}/Pods/Target Support Files/Pods-TripleByteApp/Pods-TripleByteApp-frameworks.sh\"\n";
			showEnvVarsInLog = 0;
		};
		74EF20B45EE13BCA28CF5735 /* [CP] Check Pods Manifest.lock */ = {
			isa = PBXShellScriptBuildPhase;
			buildActionMask = 2147483647;
			files = (
			);
			inputPaths = (
				"${PODS_PODFILE_DIR_PATH}/Podfile.lock",
				"${PODS_ROOT}/Manifest.lock",
			);
			name = "[CP] Check Pods Manifest.lock";
			outputPaths = (
				"$(DERIVED_FILE_DIR)/Pods-TripleByteApp-checkManifestLockResult.txt",
			);
			runOnlyForDeploymentPostprocessing = 0;
			shellPath = /bin/sh;
			shellScript = "diff \"${PODS_PODFILE_DIR_PATH}/Podfile.lock\" \"${PODS_ROOT}/Manifest.lock\" > /dev/null\nif [ $? != 0 ] ; then\n    # print error to STDERR\n    echo \"error: The sandbox is not in sync with the Podfile.lock. Run 'pod install' or update your CocoaPods installation.\" >&2\n    exit 1\nfi\n# This output is used by Xcode 'outputs' to avoid re-running this script phase.\necho \"SUCCESS\" > \"${SCRIPT_OUTPUT_FILE_0}\"\n";
			showEnvVarsInLog = 0;
		};
/* End PBXShellScriptBuildPhase section */

/* Begin PBXSourcesBuildPhase section */
		DB2463FA2122A512003E031B /* Sources */ = {
			isa = PBXSourcesBuildPhase;
			buildActionMask = 2147483647;
			files = (
				DB2464042122A512003E031B /* MainVC.swift in Sources */,
				DB24641B2122AA5C003E031B /* PetCell.swift in Sources */,
				DB2464192122A842003E031B /* DataPetModel.swift in Sources */,
				DB2464022122A512003E031B /* AppDelegate.swift in Sources */,
				DB2464172122A6B3003E031B /* Constants.swift in Sources */,
			);
			runOnlyForDeploymentPostprocessing = 0;
		};
/* End PBXSourcesBuildPhase section */

/* Begin PBXVariantGroup section */
		DB2464052122A512003E031B /* Main.storyboard */ = {
			isa = PBXVariantGroup;
			children = (
				DB2464062122A512003E031B /* Base */,
			);
			name = Main.storyboard;
			sourceTree = "<group>";
		};
		DB24640A2122A516003E031B /* LaunchScreen.storyboard */ = {
			isa = PBXVariantGroup;
			children = (
				DB24640B2122A516003E031B /* Base */,
			);
			name = LaunchScreen.storyboard;
			sourceTree = "<group>";
		};
/* End PBXVariantGroup section */

/* Begin XCBuildConfiguration section */
		DB24640E2122A516003E031B /* Debug */ = {
			isa = XCBuildConfiguration;
			buildSettings = {
				ALWAYS_SEARCH_USER_PATHS = NO;
				CLANG_ANALYZER_NONNULL = YES;
				CLANG_ANALYZER_NUMBER_OBJECT_CONVERSION = YES_AGGRESSIVE;
				CLANG_CXX_LANGUAGE_STANDARD = "gnu++14";
				CLANG_CXX_LIBRARY = "libc++";
				CLANG_ENABLE_MODULES = YES;
				CLANG_ENABLE_OBJC_ARC = YES;
				CLANG_ENABLE_OBJC_WEAK = YES;
				CLANG_WARN_BLOCK_CAPTURE_AUTORELEASING = YES;
				CLANG_WARN_BOOL_CONVERSION = YES;
				CLANG_WARN_COMMA = YES;
				CLANG_WARN_CONSTANT_CONVERSION = YES;
				CLANG_WARN_DEPRECATED_OBJC_IMPLEMENTATIONS = YES;
				CLANG_WARN_DIRECT_OBJC_ISA_USAGE = YES_ERROR;
				CLANG_WARN_DOCUMENTATION_COMMENTS = YES;
				CLANG_WARN_EMPTY_BODY = YES;
				CLANG_WARN_ENUM_CONVERSION = YES;
				CLANG_WARN_INFINITE_RECURSION = YES;
				CLANG_WARN_INT_CONVERSION = YES;
				CLANG_WARN_NON_LITERAL_NULL_CONVERSION = YES;
				CLANG_WARN_OBJC_IMPLICIT_RETAIN_SELF = YES;
				CLANG_WARN_OBJC_LITERAL_CONVERSION = YES;
				CLANG_WARN_OBJC_ROOT_CLASS = YES_ERROR;
				CLANG_WARN_RANGE_LOOP_ANALYSIS = YES;
				CLANG_WARN_STRICT_PROTOTYPES = YES;
				CLANG_WARN_SUSPICIOUS_MOVE = YES;
				CLANG_WARN_UNGUARDED_AVAILABILITY = YES_AGGRESSIVE;
				CLANG_WARN_UNREACHABLE_CODE = YES;
				CLANG_WARN__DUPLICATE_METHOD_MATCH = YES;
				CODE_SIGN_IDENTITY = "iPhone Developer";
				COPY_PHASE_STRIP = NO;
				DEBUG_INFORMATION_FORMAT = dwarf;
				ENABLE_STRICT_OBJC_MSGSEND = YES;
				ENABLE_TESTABILITY = YES;
				GCC_C_LANGUAGE_STANDARD = gnu11;
				GCC_DYNAMIC_NO_PIC = NO;
				GCC_NO_COMMON_BLOCKS = YES;
				GCC_OPTIMIZATION_LEVEL = 0;
				GCC_PREPROCESSOR_DEFINITIONS = (
					"DEBUG=1",
					"$(inherited)",
				);
				GCC_WARN_64_TO_32_BIT_CONVERSION = YES;
				GCC_WARN_ABOUT_RETURN_TYPE = YES_ERROR;
				GCC_WARN_UNDECLARED_SELECTOR = YES;
				GCC_WARN_UNINITIALIZED_AUTOS = YES_AGGRESSIVE;
				GCC_WARN_UNUSED_FUNCTION = YES;
				GCC_WARN_UNUSED_VARIABLE = YES;
				IPHONEOS_DEPLOYMENT_TARGET = 11.4;
				MTL_ENABLE_DEBUG_INFO = YES;
				ONLY_ACTIVE_ARCH = YES;
				SDKROOT = iphoneos;
				SWIFT_ACTIVE_COMPILATION_CONDITIONS = DEBUG;
				SWIFT_OPTIMIZATION_LEVEL = "-Onone";
			};
			name = Debug;
		};
		DB24640F2122A516003E031B /* Release */ = {
			isa = XCBuildConfiguration;
			buildSettings = {
				ALWAYS_SEARCH_USER_PATHS = NO;
				CLANG_ANALYZER_NONNULL = YES;
				CLANG_ANALYZER_NUMBER_OBJECT_CONVERSION = YES_AGGRESSIVE;
				CLANG_CXX_LANGUAGE_STANDARD = "gnu++14";
				CLANG_CXX_LIBRARY = "libc++";
				CLANG_ENABLE_MODULES = YES;
				CLANG_ENABLE_OBJC_ARC = YES;
				CLANG_ENABLE_OBJC_WEAK = YES;
				CLANG_WARN_BLOCK_CAPTURE_AUTORELEASING = YES;
				CLANG_WARN_BOOL_CONVERSION = YES;
				CLANG_WARN_COMMA = YES;
				CLANG_WARN_CONSTANT_CONVERSION = YES;
				CLANG_WARN_DEPRECATED_OBJC_IMPLEMENTATIONS = YES;
				CLANG_WARN_DIRECT_OBJC_ISA_USAGE = YES_ERROR;
				CLANG_WARN_DOCUMENTATION_COMMENTS = YES;
				CLANG_WARN_EMPTY_BODY = YES;
				CLANG_WARN_ENUM_CONVERSION = YES;
				CLANG_WARN_INFINITE_RECURSION = YES;
				CLANG_WARN_INT_CONVERSION = YES;
				CLANG_WARN_NON_LITERAL_NULL_CONVERSION = YES;
				CLANG_WARN_OBJC_IMPLICIT_RETAIN_SELF = YES;
				CLANG_WARN_OBJC_LITERAL_CONVERSION = YES;
				CLANG_WARN_OBJC_ROOT_CLASS = YES_ERROR;
				CLANG_WARN_RANGE_LOOP_ANALYSIS = YES;
				CLANG_WARN_STRICT_PROTOTYPES = YES;
				CLANG_WARN_SUSPICIOUS_MOVE = YES;
				CLANG_WARN_UNGUARDED_AVAILABILITY = YES_AGGRESSIVE;
				CLANG_WARN_UNREACHABLE_CODE = YES;
				CLANG_WARN__DUPLICATE_METHOD_MATCH = YES;
				CODE_SIGN_IDENTITY = "iPhone Developer";
				COPY_PHASE_STRIP = NO;
				DEBUG_INFORMATION_FORMAT = "dwarf-with-dsym";
				ENABLE_NS_ASSERTIONS = NO;
				ENABLE_STRICT_OBJC_MSGSEND = YES;
				GCC_C_LANGUAGE_STANDARD = gnu11;
				GCC_NO_COMMON_BLOCKS = YES;
				GCC_WARN_64_TO_32_BIT_CONVERSION = YES;
				GCC_WARN_ABOUT_RETURN_TYPE = YES_ERROR;
				GCC_WARN_UNDECLARED_SELECTOR = YES;
				GCC_WARN_UNINITIALIZED_AUTOS = YES_AGGRESSIVE;
				GCC_WARN_UNUSED_FUNCTION = YES;
				GCC_WARN_UNUSED_VARIABLE = YES;
				IPHONEOS_DEPLOYMENT_TARGET = 11.4;
				MTL_ENABLE_DEBUG_INFO = NO;
				SDKROOT = iphoneos;
				SWIFT_COMPILATION_MODE = wholemodule;
				SWIFT_OPTIMIZATION_LEVEL = "-O";
				VALIDATE_PRODUCT = YES;
			};
			name = Release;
		};
		DB2464112122A516003E031B /* Debug */ = {
			isa = XCBuildConfiguration;
			baseConfigurationReference = 7445EA9089CCEA1D318FAEB6 /* Pods-TripleByteApp.debug.xcconfig */;
			buildSettings = {
				ASSETCATALOG_COMPILER_APPICON_NAME = AppIcon;
				CODE_SIGN_STYLE = Automatic;
				DEVELOPMENT_TEAM = 8LP7F4D4WS;
				INFOPLIST_FILE = TripleByteApp/Info.plist;
				LD_RUNPATH_SEARCH_PATHS = (
					"$(inherited)",
					"@executable_path/Frameworks",
				);
				PRODUCT_BUNDLE_IDENTIFIER = PragunSharma.TripleByteApp;
				PRODUCT_NAME = "$(TARGET_NAME)";
				SWIFT_VERSION = 4.0;
				TARGETED_DEVICE_FAMILY = "1,2";
			};
			name = Debug;
		};
		DB2464122122A516003E031B /* Release */ = {
			isa = XCBuildConfiguration;
			baseConfigurationReference = 1BAA7571E2F966382A1A67BC /* Pods-TripleByteApp.release.xcconfig */;
			buildSettings = {
				ASSETCATALOG_COMPILER_APPICON_NAME = AppIcon;
				CODE_SIGN_STYLE = Automatic;
				DEVELOPMENT_TEAM = 8LP7F4D4WS;
				INFOPLIST_FILE = TripleByteApp/Info.plist;
				LD_RUNPATH_SEARCH_PATHS = (
					"$(inherited)",
					"@executable_path/Frameworks",
				);
				PRODUCT_BUNDLE_IDENTIFIER = PragunSharma.TripleByteApp;
				PRODUCT_NAME = "$(TARGET_NAME)";
				SWIFT_VERSION = 4.0;
				TARGETED_DEVICE_FAMILY = "1,2";
			};
			name = Release;
		};
/* End XCBuildConfiguration section */

/* Begin XCConfigurationList section */
		DB2463F92122A512003E031B /* Build configuration list for PBXProject "TripleByteApp" */ = {
			isa = XCConfigurationList;
			buildConfigurations = (
				DB24640E2122A516003E031B /* Debug */,
				DB24640F2122A516003E031B /* Release */,
			);
			defaultConfigurationIsVisible = 0;
			defaultConfigurationName = Release;
		};
		DB2464102122A516003E031B /* Build configuration list for PBXNativeTarget "TripleByteApp" */ = {
			isa = XCConfigurationList;
			buildConfigurations = (
				DB2464112122A516003E031B /* Debug */,
				DB2464122122A516003E031B /* Release */,
			);
			defaultConfigurationIsVisible = 0;
			defaultConfigurationName = Release;
		};
/* End XCConfigurationList section */
	};
	rootObject = DB2463F62122A512003E031B /* Project object */;
}
